
Microsoft Visual Studio Solution File, Format Version 12.00
# Visual Studio Version 17
VisualStudioVersion = 17.9.34728.123
MinimumVisualStudioVersion = 10.0.40219.1
Project("{9A19103F-16F7-4668-BE54-9A1E7A4F7556}") = "RayTracer_net8", "RayTracer_net8_console\RayTracer_net8.csproj", "{A20B954B-2E99-43AE-9D0F-87A3FBFAC816}"
EndProject
Project("{FAE04EC0-301F-11D3-BF4B-00C04F79EFBC}") = "RayTracer_net4.8_winforms", "RayTracer_net4.8_winforms\RayTracer_net4.8_winforms.csproj", "{61DF7F3E-F4BE-4C03-A405-619679F865FC}"
EndProject
Global
	GlobalSection(SolutionConfigurationPlatforms) = preSolution
		Debug|Any CPU = Debug|Any CPU
		Release|Any CPU = Release|Any CPU
	EndGlobalSection
	GlobalSection(ProjectConfigurationPlatforms) = postSolution
		{A20B954B-2E99-43AE-9D0F-87A3FBFAC816}.Debug|Any CPU.ActiveCfg = Debug|Any CPU
		{A20B954B-2E99-43AE-9D0F-87A3FBFAC816}.Debug|Any CPU.Build.0 = Debug|Any CPU
		{A20B954B-2E99-43AE-9D0F-87A3FBFAC816}.Release|Any CPU.ActiveCfg = Release|Any CPU
		{A20B954B-2E99-43AE-9D0F-87A3FBFAC816}.Release|Any CPU.Build.0 = Release|Any CPU
		{61DF7F3E-F4BE-4C03-A405-619679F865FC}.Debug|Any CPU.ActiveCfg = Debug|Any CPU
		{61DF7F3E-F4BE-4C03-A405-619679F865FC}.Debug|Any CPU.Build.0 = Debug|Any CPU
		{61DF7F3E-F4BE-4C03-A405-619679F865FC}.Release|Any CPU.ActiveCfg = Release|Any CPU
		{61DF7F3E-F4BE-4C03-A405-619679F865FC}.Release|Any CPU.Build.0 = Release|Any CPU
	EndGlobalSection
	GlobalSection(SolutionProperties) = preSolution
		HideSolutionNode = FALSE
	EndGlobalSection
	GlobalSection(ExtensibilityGlobals) = postSolution
		SolutionGuid = {0C826605-2112-4353-B2F9-EC66D168F8F7}
	EndGlobalSection
EndGlobal
